
Microsoft Visual Studio Solution File, Format Version 12.00
# Visual Studio Version 17
VisualStudioVersion = 17.5.002.0
MinimumVisualStudioVersion = 10.0.40219.1
Project("{9A19103F-16F7-4668-BE54-9A1E7A4F7556}") = "oop_homework1", "oop_homework1\oop_homework1.csproj", "{1BA4F204-A640-4823-B15E-97555350A462}"
EndProject
Global
	GlobalSection(SolutionConfigurationPlatforms) = preSolution
		Debug|Any CPU = Debug|Any CPU
		Release|Any CPU = Release|Any CPU
	EndGlobalSection
	GlobalSection(ProjectConfigurationPlatforms) = postSolution
		{1BA4F204-A640-4823-B15E-97555350A462}.Debug|Any CPU.ActiveCfg = Debug|Any CPU
		{1BA4F204-A640-4823-B15E-97555350A462}.Debug|Any CPU.Build.0 = Debug|Any CPU
		{1BA4F204-A640-4823-B15E-97555350A462}.Release|Any CPU.ActiveCfg = Release|Any CPU
		{1BA4F204-A640-4823-B15E-97555350A462}.Release|Any CPU.Build.0 = Release|Any CPU
	EndGlobalSection
	GlobalSection(SolutionProperties) = preSolution
		HideSolutionNode = FALSE
	EndGlobalSection
	GlobalSection(ExtensibilityGlobals) = postSolution
		SolutionGuid = {E78FD085-74C3-4CD4-99B7-586095781F00}
	EndGlobalSection
EndGlobal
